
Microsoft Visual Studio Solution File, Format Version 12.00
# Visual Studio 2013
VisualStudioVersion = 12.0.21005.1
MinimumVisualStudioVersion = 10.0.40219.1
Project("{FAE04EC0-301F-11D3-BF4B-00C04F79EFBC}") = "BrilliantSpy", "BrilliantSpy\BrilliantSpy.csproj", "{639FEF66-78D8-4A5C-BAA0-BCC035D04FBE}"
EndProject
Global
	GlobalSection(CodealikeProperties) = postSolution
		SolutionGuid = 1cc2334a-59cb-47aa-b4dd-83724ab1afae
	EndGlobalSection
	GlobalSection(SolutionConfigurationPlatforms) = preSolution
		Debug|Any CPU = Debug|Any CPU
		Release|Any CPU = Release|Any CPU
	EndGlobalSection
	GlobalSection(ProjectConfigurationPlatforms) = postSolution
		{639FEF66-78D8-4A5C-BAA0-BCC035D04FBE}.Debug|Any CPU.ActiveCfg = Debug|Any CPU
		{639FEF66-78D8-4A5C-BAA0-BCC035D04FBE}.Debug|Any CPU.Build.0 = Debug|Any CPU
		{639FEF66-78D8-4A5C-BAA0-BCC035D04FBE}.Release|Any CPU.ActiveCfg = Release|Any CPU
		{639FEF66-78D8-4A5C-BAA0-BCC035D04FBE}.Release|Any CPU.Build.0 = Release|Any CPU
	EndGlobalSection
	GlobalSection(SolutionProperties) = preSolution
		HideSolutionNode = FALSE
	EndGlobalSection
EndGlobal
